// !$*UTF8*$!
{
	archiveVersion = 1;
	classes = {
	};
	objectVersion = 55;
	objects = {

/* Begin PBXBuildFile section */
		0209FE402857DD9000221E56 /* Extensions.swift in Sources */ = {isa = PBXBuildFile; fileRef = 0209FE3F2857DD9000221E56 /* Extensions.swift */; };
		02A116CA2839755500B1B232 /* AppDelegate.swift in Sources */ = {isa = PBXBuildFile; fileRef = 02A116C92839755500B1B232 /* AppDelegate.swift */; };
		02A116CC2839755500B1B232 /* SceneDelegate.swift in Sources */ = {isa = PBXBuildFile; fileRef = 02A116CB2839755500B1B232 /* SceneDelegate.swift */; };
		02A116CE2839755500B1B232 /* PostVC.swift in Sources */ = {isa = PBXBuildFile; fileRef = 02A116CD2839755500B1B232 /* PostVC.swift */; };
		02A116D12839755500B1B232 /* Main.storyboard in Resources */ = {isa = PBXBuildFile; fileRef = 02A116CF2839755500B1B232 /* Main.storyboard */; };
		02A116D32839755600B1B232 /* Assets.xcassets in Resources */ = {isa = PBXBuildFile; fileRef = 02A116D22839755600B1B232 /* Assets.xcassets */; };
		02A116D62839755600B1B232 /* LaunchScreen.storyboard in Resources */ = {isa = PBXBuildFile; fileRef = 02A116D42839755600B1B232 /* LaunchScreen.storyboard */; };
		02AEE63F283ABD1B00BAFEF6 /* Chatt.swift in Sources */ = {isa = PBXBuildFile; fileRef = 02AEE63E283ABD1B00BAFEF6 /* Chatt.swift */; };
		02AEE641283ABD9A00BAFEF6 /* ChattStore.swift in Sources */ = {isa = PBXBuildFile; fileRef = 02AEE640283ABD9A00BAFEF6 /* ChattStore.swift */; };
		02AEE643283AC49C00BAFEF6 /* ChattTableCell.swift in Sources */ = {isa = PBXBuildFile; fileRef = 02AEE642283AC49C00BAFEF6 /* ChattTableCell.swift */; };
		02AEE645283AC62600BAFEF6 /* MainVC.swift in Sources */ = {isa = PBXBuildFile; fileRef = 02AEE644283AC62600BAFEF6 /* MainVC.swift */; };
		1EC4F15C78E47A02A6BE9F3F /* Pods_swiftChatter.framework in Frameworks */ = {isa = PBXBuildFile; fileRef = E22CEE36D6534BB8DFC55E3F /* Pods_swiftChatter.framework */; };
/* End PBXBuildFile section */

/* Begin PBXFileReference section */
		0209FE3F2857DD9000221E56 /* Extensions.swift */ = {isa = PBXFileReference; lastKnownFileType = sourcecode.swift; path = Extensions.swift; sourceTree = "<group>"; };
		02A116C62839755500B1B232 /* swiftChatter.app */ = {isa = PBXFileReference; explicitFileType = wrapper.application; includeInIndex = 0; path = swiftChatter.app; sourceTree = BUILT_PRODUCTS_DIR; };
		02A116C92839755500B1B232 /* AppDelegate.swift */ = {isa = PBXFileReference; lastKnownFileType = sourcecode.swift; path = AppDelegate.swift; sourceTree = "<group>"; };
		02A116CB2839755500B1B232 /* SceneDelegate.swift */ = {isa = PBXFileReference; lastKnownFileType = sourcecode.swift; path = SceneDelegate.swift; sourceTree = "<group>"; };
		02A116CD2839755500B1B232 /* PostVC.swift */ = {isa = PBXFileReference; lastKnownFileType = sourcecode.swift; path = PostVC.swift; sourceTree = "<group>"; };
		02A116D02839755500B1B232 /* Base */ = {isa = PBXFileReference; lastKnownFileType = file.storyboard; name = Base; path = Base.lproj/Main.storyboard; sourceTree = "<group>"; };
		02A116D22839755600B1B232 /* Assets.xcassets */ = {isa = PBXFileReference; lastKnownFileType = folder.assetcatalog; path = Assets.xcassets; sourceTree = "<group>"; };
		02A116D52839755600B1B232 /* Base */ = {isa = PBXFileReference; lastKnownFileType = file.storyboard; name = Base; path = Base.lproj/LaunchScreen.storyboard; sourceTree = "<group>"; };
		02A116D72839755600B1B232 /* Info.plist */ = {isa = PBXFileReference; lastKnownFileType = text.plist.xml; path = Info.plist; sourceTree = "<group>"; };
		02AEE63E283ABD1B00BAFEF6 /* Chatt.swift */ = {isa = PBXFileReference; lastKnownFileType = sourcecode.swift; path = Chatt.swift; sourceTree = "<group>"; };
		02AEE640283ABD9A00BAFEF6 /* ChattStore.swift */ = {isa = PBXFileReference; lastKnownFileType = sourcecode.swift; path = ChattStore.swift; sourceTree = "<group>"; };
		02AEE642283AC49C00BAFEF6 /* ChattTableCell.swift */ = {isa = PBXFileReference; lastKnownFileType = sourcecode.swift; path = ChattTableCell.swift; sourceTree = "<group>"; };
		02AEE644283AC62600BAFEF6 /* MainVC.swift */ = {isa = PBXFileReference; lastKnownFileType = sourcecode.swift; path = MainVC.swift; sourceTree = "<group>"; };
		758BAADE3E0A62987EA08A80 /* Pods-swiftChatter.release.xcconfig */ = {isa = PBXFileReference; includeInIndex = 1; lastKnownFileType = text.xcconfig; name = "Pods-swiftChatter.release.xcconfig"; path = "Target Support Files/Pods-swiftChatter/Pods-swiftChatter.release.xcconfig"; sourceTree = "<group>"; };
		B24B8D865074C42E59132F36 /* Pods-swiftChatter.debug.xcconfig */ = {isa = PBXFileReference; includeInIndex = 1; lastKnownFileType = text.xcconfig; name = "Pods-swiftChatter.debug.xcconfig"; path = "Target Support Files/Pods-swiftChatter/Pods-swiftChatter.debug.xcconfig"; sourceTree = "<group>"; };
		E22CEE36D6534BB8DFC55E3F /* Pods_swiftChatter.framework */ = {isa = PBXFileReference; explicitFileType = wrapper.framework; includeInIndex = 0; path = Pods_swiftChatter.framework; sourceTree = BUILT_PRODUCTS_DIR; };
/* End PBXFileReference section */

/* Begin PBXFrameworksBuildPhase section */
		02A116C32839755500B1B232 /* Frameworks */ = {
			isa = PBXFrameworksBuildPhase;
			buildActionMask = 2147483647;
			files = (
				1EC4F15C78E47A02A6BE9F3F /* Pods_swiftChatter.framework in Frameworks */,
			);
			runOnlyForDeploymentPostprocessing = 0;
		};
/* End PBXFrameworksBuildPhase section */

/* Begin PBXGroup section */
		02A116BD2839755500B1B232 = {
			isa = PBXGroup;
			children = (
				02A116C82839755500B1B232 /* swiftChatter */,
				02A116C72839755500B1B232 /* Products */,
				44C2DF9D89FCB5AD4C355F8E /* Pods */,
				2F2C3A2A442A68C8A755AB90 /* Frameworks */,
			);
			sourceTree = "<group>";
		};
		02A116C72839755500B1B232 /* Products */ = {
			isa = PBXGroup;
			children = (
				02A116C62839755500B1B232 /* swiftChatter.app */,
			);
			name = Products;
			sourceTree = "<group>";
		};
		02A116C82839755500B1B232 /* swiftChatter */ = {
			isa = PBXGroup;
			children = (
				02A116C92839755500B1B232 /* AppDelegate.swift */,
				02A116CB2839755500B1B232 /* SceneDelegate.swift */,
				02A116CD2839755500B1B232 /* PostVC.swift */,
				02A116CF2839755500B1B232 /* Main.storyboard */,
				02A116D22839755600B1B232 /* Assets.xcassets */,
				02A116D42839755600B1B232 /* LaunchScreen.storyboard */,
				02A116D72839755600B1B232 /* Info.plist */,
				02AEE63E283ABD1B00BAFEF6 /* Chatt.swift */,
				02AEE640283ABD9A00BAFEF6 /* ChattStore.swift */,
				0209FE3F2857DD9000221E56 /* Extensions.swift */,
				02AEE642283AC49C00BAFEF6 /* ChattTableCell.swift */,
				02AEE644283AC62600BAFEF6 /* MainVC.swift */,
			);
			path = swiftChatter;
			sourceTree = "<group>";
		};
		2F2C3A2A442A68C8A755AB90 /* Frameworks */ = {
			isa = PBXGroup;
			children = (
				E22CEE36D6534BB8DFC55E3F /* Pods_swiftChatter.framework */,
			);
			name = Frameworks;
			sourceTree = "<group>";
		};
		44C2DF9D89FCB5AD4C355F8E /* Pods */ = {
			isa = PBXGroup;
			children = (
				B24B8D865074C42E59132F36 /* Pods-swiftChatter.debug.xcconfig */,
				758BAADE3E0A62987EA08A80 /* Pods-swiftChatter.release.xcconfig */,
			);
			path = Pods;
			sourceTree = "<group>";
		};
/* End PBXGroup section */

/* Begin PBXNativeTarget section */
		02A116C52839755500B1B232 /* swiftChatter */ = {
			isa = PBXNativeTarget;
			buildConfigurationList = 02A116DA2839755600B1B232 /* Build configuration list for PBXNativeTarget "swiftChatter" */;
			buildPhases = (
				27C0773AC7109A27CEF96948 /* [CP] Check Pods Manifest.lock */,
				02A116C22839755500B1B232 /* Sources */,
				02A116C32839755500B1B232 /* Frameworks */,
				02A116C42839755500B1B232 /* Resources */,
				839771BCC158795167511F8B /* [CP] Embed Pods Frameworks */,
			);
			buildRules = (
			);
			dependencies = (
			);
			name = swiftChatter;
			productName = swiftChatter;
			productReference = 02A116C62839755500B1B232 /* swiftChatter.app */;
			productType = "com.apple.product-type.application";
		};
/* End PBXNativeTarget section */

/* Begin PBXProject section */
		02A116BE2839755500B1B232 /* Project object */ = {
			isa = PBXProject;
			attributes = {
				BuildIndependentTargetsInParallel = 1;
				LastSwiftUpdateCheck = 1340;
				LastUpgradeCheck = 1340;
				TargetAttributes = {
					02A116C52839755500B1B232 = {
						CreatedOnToolsVersion = 13.4;
					};
				};
			};
			buildConfigurationList = 02A116C12839755500B1B232 /* Build configuration list for PBXProject "swiftChatter" */;
			compatibilityVersion = "Xcode 13.0";
			developmentRegion = en;
			hasScannedForEncodings = 0;
			knownRegions = (
				en,
				Base,
			);
			mainGroup = 02A116BD2839755500B1B232;
			productRefGroup = 02A116C72839755500B1B232 /* Products */;
			projectDirPath = "";
			projectRoot = "";
			targets = (
				02A116C52839755500B1B232 /* swiftChatter */,
			);
		};
/* End PBXProject section */

/* Begin PBXResourcesBuildPhase section */
		02A116C42839755500B1B232 /* Resources */ = {
			isa = PBXResourcesBuildPhase;
			buildActionMask = 2147483647;
			files = (
				02A116D62839755600B1B232 /* LaunchScreen.storyboard in Resources */,
				02A116D32839755600B1B232 /* Assets.xcassets in Resources */,
				02A116D12839755500B1B232 /* Main.storyboard in Resources */,
			);
			runOnlyForDeploymentPostprocessing = 0;
		};
/* End PBXResourcesBuildPhase section */

/* Begin PBXShellScriptBuildPhase section */
		27C0773AC7109A27CEF96948 /* [CP] Check Pods Manifest.lock */ = {
			isa = PBXShellScriptBuildPhase;
			buildActionMask = 2147483647;
			files = (
			);
			inputFileListPaths = (
			);
			inputPaths = (
				"${PODS_PODFILE_DIR_PATH}/Podfile.lock",
				"${PODS_ROOT}/Manifest.lock",
			);
			name = "[CP] Check Pods Manifest.lock";
			outputFileListPaths = (
			);
			outputPaths = (
				"$(DERIVED_FILE_DIR)/Pods-swiftChatter-checkManifestLockResult.txt",
			);
			runOnlyForDeploymentPostprocessing = 0;
			shellPath = /bin/sh;
			shellScript = "diff \"${PODS_PODFILE_DIR_PATH}/Podfile.lock\" \"${PODS_ROOT}/Manifest.lock\" > /dev/null\nif [ $? != 0 ] ; then\n    # print error to STDERR\n    echo \"error: The sandbox is not in sync with the Podfile.lock. Run 'pod install' or update your CocoaPods installation.\" >&2\n    exit 1\nfi\n# This output is used by Xcode 'outputs' to avoid re-running this script phase.\necho \"SUCCESS\" > \"${SCRIPT_OUTPUT_FILE_0}\"\n";
			showEnvVarsInLog = 0;
		};
		839771BCC158795167511F8B /* [CP] Embed Pods Frameworks */ = {
			isa = PBXShellScriptBuildPhase;
			buildActionMask = 2147483647;
			files = (
			);
			inputFileListPaths = (
				"${PODS_ROOT}/Target Support Files/Pods-swiftChatter/Pods-swiftChatter-frameworks-${CONFIGURATION}-input-files.xcfilelist",
			);
			name = "[CP] Embed Pods Frameworks";
			outputFileListPaths = (
				"${PODS_ROOT}/Target Support Files/Pods-swiftChatter/Pods-swiftChatter-frameworks-${CONFIGURATION}-output-files.xcfilelist",
			);
			runOnlyForDeploymentPostprocessing = 0;
			shellPath = /bin/sh;
			shellScript = "\"${PODS_ROOT}/Target Support Files/Pods-swiftChatter/Pods-swiftChatter-frameworks.sh\"\n";
			showEnvVarsInLog = 0;
		};
/* End PBXShellScriptBuildPhase section */

/* Begin PBXSourcesBuildPhase section */
		02A116C22839755500B1B232 /* Sources */ = {
			isa = PBXSourcesBuildPhase;
			buildActionMask = 2147483647;
			files = (
				02A116CE2839755500B1B232 /* PostVC.swift in Sources */,
				02AEE643283AC49C00BAFEF6 /* ChattTableCell.swift in Sources */,
				02A116CA2839755500B1B232 /* AppDelegate.swift in Sources */,
				0209FE402857DD9000221E56 /* Extensions.swift in Sources */,
				02AEE63F283ABD1B00BAFEF6 /* Chatt.swift in Sources */,
				02A116CC2839755500B1B232 /* SceneDelegate.swift in Sources */,
				02AEE641283ABD9A00BAFEF6 /* ChattStore.swift in Sources */,
				02AEE645283AC62600BAFEF6 /* MainVC.swift in Sources */,
			);
			runOnlyForDeploymentPostprocessing = 0;
		};
/* End PBXSourcesBuildPhase section */

/* Begin PBXVariantGroup section */
		02A116CF2839755500B1B232 /* Main.storyboard */ = {
			isa = PBXVariantGroup;
			children = (
				02A116D02839755500B1B232 /* Base */,
			);
			name = Main.storyboard;
			sourceTree = "<group>";
		};
		02A116D42839755600B1B232 /* LaunchScreen.storyboard */ = {
			isa = PBXVariantGroup;
			children = (
				02A116D52839755600B1B232 /* Base */,
			);
			name = LaunchScreen.storyboard;
			sourceTree = "<group>";
		};
/* End PBXVariantGroup section */

/* Begin XCBuildConfiguration section */
		02A116D82839755600B1B232 /* Debug */ = {
			isa = XCBuildConfiguration;
			buildSettings = {
				ALWAYS_SEARCH_USER_PATHS = NO;
				CLANG_ANALYZER_NONNULL = YES;
				CLANG_ANALYZER_NUMBER_OBJECT_CONVERSION = YES_AGGRESSIVE;
				CLANG_CXX_LANGUAGE_STANDARD = "gnu++17";
				CLANG_ENABLE_MODULES = YES;
				CLANG_ENABLE_OBJC_ARC = YES;
				CLANG_ENABLE_OBJC_WEAK = YES;
				CLANG_WARN_BLOCK_CAPTURE_AUTORELEASING = YES;
				CLANG_WARN_BOOL_CONVERSION = YES;
				CLANG_WARN_COMMA = YES;
				CLANG_WARN_CONSTANT_CONVERSION = YES;
				CLANG_WARN_DEPRECATED_OBJC_IMPLEMENTATIONS = YES;
				CLANG_WARN_DIRECT_OBJC_ISA_USAGE = YES_ERROR;
				CLANG_WARN_DOCUMENTATION_COMMENTS = YES;
				CLANG_WARN_EMPTY_BODY = YES;
				CLANG_WARN_ENUM_CONVERSION = YES;
				CLANG_WARN_INFINITE_RECURSION = YES;
				CLANG_WARN_INT_CONVERSION = YES;
				CLANG_WARN_NON_LITERAL_NULL_CONVERSION = YES;
				CLANG_WARN_OBJC_IMPLICIT_RETAIN_SELF = YES;
				CLANG_WARN_OBJC_LITERAL_CONVERSION = YES;
				CLANG_WARN_OBJC_ROOT_CLASS = YES_ERROR;
				CLANG_WARN_QUOTED_INCLUDE_IN_FRAMEWORK_HEADER = YES;
				CLANG_WARN_RANGE_LOOP_ANALYSIS = YES;
				CLANG_WARN_STRICT_PROTOTYPES = YES;
				CLANG_WARN_SUSPICIOUS_MOVE = YES;
				CLANG_WARN_UNGUARDED_AVAILABILITY = YES_AGGRESSIVE;
				CLANG_WARN_UNREACHABLE_CODE = YES;
				CLANG_WARN__DUPLICATE_METHOD_MATCH = YES;
				COPY_PHASE_STRIP = NO;
				DEBUG_INFORMATION_FORMAT = dwarf;
				ENABLE_STRICT_OBJC_MSGSEND = YES;
				ENABLE_TESTABILITY = YES;
				GCC_C_LANGUAGE_STANDARD = gnu11;
				GCC_DYNAMIC_NO_PIC = NO;
				GCC_NO_COMMON_BLOCKS = YES;
				GCC_OPTIMIZATION_LEVEL = 0;
				GCC_PREPROCESSOR_DEFINITIONS = (
					"DEBUG=1",
					"$(inherited)",
				);
				GCC_WARN_64_TO_32_BIT_CONVERSION = YES;
				GCC_WARN_ABOUT_RETURN_TYPE = YES_ERROR;
				GCC_WARN_UNDECLARED_SELECTOR = YES;
				GCC_WARN_UNINITIALIZED_AUTOS = YES_AGGRESSIVE;
				GCC_WARN_UNUSED_FUNCTION = YES;
				GCC_WARN_UNUSED_VARIABLE = YES;
				IPHONEOS_DEPLOYMENT_TARGET = 15.5;
				MTL_ENABLE_DEBUG_INFO = INCLUDE_SOURCE;
				MTL_FAST_MATH = YES;
				ONLY_ACTIVE_ARCH = YES;
				SDKROOT = iphoneos;
				SWIFT_ACTIVE_COMPILATION_CONDITIONS = DEBUG;
				SWIFT_OPTIMIZATION_LEVEL = "-Onone";
			};
			name = Debug;
		};
		02A116D92839755600B1B232 /* Release */ = {
			isa = XCBuildConfiguration;
			buildSettings = {
				ALWAYS_SEARCH_USER_PATHS = NO;
				CLANG_ANALYZER_NONNULL = YES;
				CLANG_ANALYZER_NUMBER_OBJECT_CONVERSION = YES_AGGRESSIVE;
				CLANG_CXX_LANGUAGE_STANDARD = "gnu++17";
				CLANG_ENABLE_MODULES = YES;
				CLANG_ENABLE_OBJC_ARC = YES;
				CLANG_ENABLE_OBJC_WEAK = YES;
				CLANG_WARN_BLOCK_CAPTURE_AUTORELEASING = YES;
				CLANG_WARN_BOOL_CONVERSION = YES;
				CLANG_WARN_COMMA = YES;
				CLANG_WARN_CONSTANT_CONVERSION = YES;
				CLANG_WARN_DEPRECATED_OBJC_IMPLEMENTATIONS = YES;
				CLANG_WARN_DIRECT_OBJC_ISA_USAGE = YES_ERROR;
				CLANG_WARN_DOCUMENTATION_COMMENTS = YES;
				CLANG_WARN_EMPTY_BODY = YES;
				CLANG_WARN_ENUM_CONVERSION = YES;
				CLANG_WARN_INFINITE_RECURSION = YES;
				CLANG_WARN_INT_CONVERSION = YES;
				CLANG_WARN_NON_LITERAL_NULL_CONVERSION = YES;
				CLANG_WARN_OBJC_IMPLICIT_RETAIN_SELF = YES;
				CLANG_WARN_OBJC_LITERAL_CONVERSION = YES;
				CLANG_WARN_OBJC_ROOT_CLASS = YES_ERROR;
				CLANG_WARN_QUOTED_INCLUDE_IN_FRAMEWORK_HEADER = YES;
				CLANG_WARN_RANGE_LOOP_ANALYSIS = YES;
				CLANG_WARN_STRICT_PROTOTYPES = YES;
				CLANG_WARN_SUSPICIOUS_MOVE = YES;
				CLANG_WARN_UNGUARDED_AVAILABILITY = YES_AGGRESSIVE;
				CLANG_WARN_UNREACHABLE_CODE = YES;
				CLANG_WARN__DUPLICATE_METHOD_MATCH = YES;
				COPY_PHASE_STRIP = NO;
				DEBUG_INFORMATION_FORMAT = "dwarf-with-dsym";
				ENABLE_NS_ASSERTIONS = NO;
				ENABLE_STRICT_OBJC_MSGSEND = YES;
				GCC_C_LANGUAGE_STANDARD = gnu11;
				GCC_NO_COMMON_BLOCKS = YES;
				GCC_WARN_64_TO_32_BIT_CONVERSION = YES;
				GCC_WARN_ABOUT_RETURN_TYPE = YES_ERROR;
				GCC_WARN_UNDECLARED_SELECTOR = YES;
				GCC_WARN_UNINITIALIZED_AUTOS = YES_AGGRESSIVE;
				GCC_WARN_UNUSED_FUNCTION = YES;
				GCC_WARN_UNUSED_VARIABLE = YES;
				IPHONEOS_DEPLOYMENT_TARGET = 15.5;
				MTL_ENABLE_DEBUG_INFO = NO;
				MTL_FAST_MATH = YES;
				SDKROOT = iphoneos;
				SWIFT_COMPILATION_MODE = wholemodule;
				SWIFT_OPTIMIZATION_LEVEL = "-O";
				VALIDATE_PRODUCT = YES;
			};
			name = Release;
		};
		02A116DB2839755600B1B232 /* Debug */ = {
			isa = XCBuildConfiguration;
			baseConfigurationReference = B24B8D865074C42E59132F36 /* Pods-swiftChatter.debug.xcconfig */;
			buildSettings = {
				ASSETCATALOG_COMPILER_APPICON_NAME = AppIcon;
				ASSETCATALOG_COMPILER_GLOBAL_ACCENT_COLOR_NAME = AccentColor;
				CODE_SIGN_IDENTITY = "Apple Development";
				CODE_SIGN_STYLE = Automatic;
				CURRENT_PROJECT_VERSION = 1;
				DEVELOPMENT_TEAM = L6N42TV4AR;
				GENERATE_INFOPLIST_FILE = YES;
				INFOPLIST_FILE = swiftChatter/Info.plist;
				INFOPLIST_KEY_UIApplicationSupportsIndirectInputEvents = YES;
				INFOPLIST_KEY_UILaunchStoryboardName = LaunchScreen;
				INFOPLIST_KEY_UIMainStoryboardFile = Main;
				INFOPLIST_KEY_UISupportedInterfaceOrientations = "UIInterfaceOrientationPortrait UIInterfaceOrientationLandscapeLeft UIInterfaceOrientationLandscapeRight";
				INFOPLIST_KEY_UISupportedInterfaceOrientations_iPad = "UIInterfaceOrientationPortrait UIInterfaceOrientationPortraitUpsideDown UIInterfaceOrientationLandscapeLeft UIInterfaceOrientationLandscapeRight";
				INFOPLIST_KEY_UISupportedInterfaceOrientations_iPhone = "UIInterfaceOrientationPortrait UIInterfaceOrientationLandscapeLeft UIInterfaceOrientationLandscapeRight";
				IPHONEOS_DEPLOYMENT_TARGET = 15.5;
				LD_RUNPATH_SEARCH_PATHS = (
					"$(inherited)",
					"@executable_path/Frameworks",
				);
				MARKETING_VERSION = 1.0;
				PRODUCT_BUNDLE_IDENTIFIER = "cn.edu.sjtu.kx-lee.swiftChatter";
				PRODUCT_NAME = "$(TARGET_NAME)";
				PROVISIONING_PROFILE_SPECIFIER = "";
				SWIFT_EMIT_LOC_STRINGS = YES;
				SWIFT_VERSION = 5.0;
				TARGETED_DEVICE_FAMILY = 1;
			};
			name = Debug;
		};
		02A116DC2839755600B1B232 /* Release */ = {
			isa = XCBuildConfiguration;
			baseConfigurationReference = 758BAADE3E0A62987EA08A80 /* Pods-swiftChatter.release.xcconfig */;
			buildSettings = {
				ASSETCATALOG_COMPILER_APPICON_NAME = AppIcon;
				ASSETCATALOG_COMPILER_GLOBAL_ACCENT_COLOR_NAME = AccentColor;
				CODE_SIGN_IDENTITY = "Apple Development";
				CODE_SIGN_STYLE = Automatic;
				CURRENT_PROJECT_VERSION = 1;
				DEVELOPMENT_TEAM = L6N42TV4AR;
				GENERATE_INFOPLIST_FILE = YES;
				INFOPLIST_FILE = swiftChatter/Info.plist;
				INFOPLIST_KEY_UIApplicationSupportsIndirectInputEvents = YES;
				INFOPLIST_KEY_UILaunchStoryboardName = LaunchScreen;
				INFOPLIST_KEY_UIMainStoryboardFile = Main;
				INFOPLIST_KEY_UISupportedInterfaceOrientations = "UIInterfaceOrientationPortrait UIInterfaceOrientationLandscapeLeft UIInterfaceOrientationLandscapeRight";
				INFOPLIST_KEY_UISupportedInterfaceOrientations_iPad = "UIInterfaceOrientationPortrait UIInterfaceOrientationPortraitUpsideDown UIInterfaceOrientationLandscapeLeft UIInterfaceOrientationLandscapeRight";
				INFOPLIST_KEY_UISupportedInterfaceOrientations_iPhone = "UIInterfaceOrientationPortrait UIInterfaceOrientationLandscapeLeft UIInterfaceOrientationLandscapeRight";
				IPHONEOS_DEPLOYMENT_TARGET = 15.5;
				LD_RUNPATH_SEARCH_PATHS = (
					"$(inherited)",
					"@executable_path/Frameworks",
				);
				MARKETING_VERSION = 1.0;
				PRODUCT_BUNDLE_IDENTIFIER = "cn.edu.sjtu.kx-lee.swiftChatter";
				PRODUCT_NAME = "$(TARGET_NAME)";
				PROVISIONING_PROFILE_SPECIFIER = "";
				SWIFT_EMIT_LOC_STRINGS = YES;
				SWIFT_VERSION = 5.0;
				TARGETED_DEVICE_FAMILY = 1;
			};
			name = Release;
		};
/* End XCBuildConfiguration section */

/* Begin XCConfigurationList section */
		02A116C12839755500B1B232 /* Build configuration list for PBXProject "swiftChatter" */ = {
			isa = XCConfigurationList;
			buildConfigurations = (
				02A116D82839755600B1B232 /* Debug */,
				02A116D92839755600B1B232 /* Release */,
			);
			defaultConfigurationIsVisible = 0;
			defaultConfigurationName = Release;
		};
		02A116DA2839755600B1B232 /* Build configuration list for PBXNativeTarget "swiftChatter" */ = {
			isa = XCConfigurationList;
			buildConfigurations = (
				02A116DB2839755600B1B232 /* Debug */,
				02A116DC2839755600B1B232 /* Release */,
			);
			defaultConfigurationIsVisible = 0;
			defaultConfigurationName = Release;
		};
/* End XCConfigurationList section */
	};
	rootObject = 02A116BE2839755500B1B232 /* Project object */;
}
